{
  "name": "adventofcode2019",
  "version": "0.1.0",
  "lockfileVersion": 2,
  "requires": true,
  "packages": {
    "": {
      "name": "adventofcode2019",
      "version": "0.1.0",
      "license": "MIT",
      "devDependencies": {
        "bs-platform": "^5.2.1"
      }
    },
    "node_modules/bs-platform": {
      "version": "5.2.1",
      "resolved": "https://registry.npmjs.org/bs-platform/-/bs-platform-5.2.1.tgz",
      "integrity": "sha512-3ISP+RBC/NYILiJnphCY0W3RTYpQ11JGa2dBBLVug5fpFZ0qtSaL3ZplD8MyjNeXX2bC7xgrWfgBSn8Tc9om7Q==",
      "dev": true,
      "hasInstallScript": true,
      "bin": {
        "bsb": "lib/bsb",
        "bsc": "lib/bsc",
        "bsrefmt": "lib/bsrefmt",
        "bstracing": "lib/bstracing"
      }
    }
  },
  "dependencies": {
    "bs-platform": {
      "version": "5.2.1",
      "resolved": "https://registry.npmjs.org/bs-platform/-/bs-platform-5.2.1.tgz",
      "integrity": "sha512-3ISP+RBC/NYILiJnphCY0W3RTYpQ11JGa2dBBLVug5fpFZ0qtSaL3ZplD8MyjNeXX2bC7xgrWfgBSn8Tc9om7Q==",
      "dev": true
    }
  }
}
